
Microsoft Visual Studio Solution File, Format Version 12.00
# Visual Studio Version 16
VisualStudioVersion = 16.0.30413.136
MinimumVisualStudioVersion = 10.0.40219.1
Project("{FAE04EC0-301F-11D3-BF4B-00C04F79EFBC}") = "WpfApp2", "WpfApp2.csproj", "{B66F922D-CBDC-448F-B14B-EE75B84E48E7}"
EndProject
Global
	GlobalSection(SolutionConfigurationPlatforms) = preSolution
		Debug|Any CPU = Debug|Any CPU
		Release|Any CPU = Release|Any CPU
	EndGlobalSection
	GlobalSection(ProjectConfigurationPlatforms) = postSolution
		{B66F922D-CBDC-448F-B14B-EE75B84E48E7}.Debug|Any CPU.ActiveCfg = Debug|Any CPU
		{B66F922D-CBDC-448F-B14B-EE75B84E48E7}.Debug|Any CPU.Build.0 = Debug|Any CPU
		{B66F922D-CBDC-448F-B14B-EE75B84E48E7}.Release|Any CPU.ActiveCfg = Release|Any CPU
		{B66F922D-CBDC-448F-B14B-EE75B84E48E7}.Release|Any CPU.Build.0 = Release|Any CPU
	EndGlobalSection
	GlobalSection(SolutionProperties) = preSolution
		HideSolutionNode = FALSE
	EndGlobalSection
	GlobalSection(ExtensibilityGlobals) = postSolution
		SolutionGuid = {3CEB689D-A60F-439A-A5F6-76FCB6D5C731}
	EndGlobalSection
EndGlobal
